
Microsoft Visual Studio Solution File, Format Version 12.00
# Visual Studio 14
VisualStudioVersion = 14.0.25420.1
MinimumVisualStudioVersion = 10.0.40219.1
Project("{2150E333-8FDC-42A3-9474-1A3956D46DE8}") = "data", "data", "{72938F87-F1C1-4C40-9AC8-F9223B005DEB}"
EndProject
Project("{2150E333-8FDC-42A3-9474-1A3956D46DE8}") = "services", "services", "{82FC0D3C-0220-4C0B-963D-D91853E8B8FF}"
EndProject
Project("{2150E333-8FDC-42A3-9474-1A3956D46DE8}") = "web", "web", "{B7B67A50-80E2-488A-804D-852157027AC4}"
EndProject
Project("{FAE04EC0-301F-11D3-BF4B-00C04F79EFBC}") = "raven.eqdb.data", "raven.eqdb.data\raven.eqdb.data.csproj", "{2C4A06FD-2765-4528-9134-7612D7A0C1DF}"
EndProject
Project("{FAE04EC0-301F-11D3-BF4B-00C04F79EFBC}") = "raven.eqdb.web", "raven.eqdb.web\raven.eqdb.web.csproj", "{9E372E90-8A85-4B8F-939C-D6FC2AA2F7CD}"
EndProject
Global
	GlobalSection(SolutionConfigurationPlatforms) = preSolution
		Debug|Any CPU = Debug|Any CPU
		Release|Any CPU = Release|Any CPU
	EndGlobalSection
	GlobalSection(ProjectConfigurationPlatforms) = postSolution
		{2C4A06FD-2765-4528-9134-7612D7A0C1DF}.Debug|Any CPU.ActiveCfg = Debug|Any CPU
		{2C4A06FD-2765-4528-9134-7612D7A0C1DF}.Debug|Any CPU.Build.0 = Debug|Any CPU
		{2C4A06FD-2765-4528-9134-7612D7A0C1DF}.Release|Any CPU.ActiveCfg = Release|Any CPU
		{2C4A06FD-2765-4528-9134-7612D7A0C1DF}.Release|Any CPU.Build.0 = Release|Any CPU
		{9E372E90-8A85-4B8F-939C-D6FC2AA2F7CD}.Debug|Any CPU.ActiveCfg = Debug|Any CPU
		{9E372E90-8A85-4B8F-939C-D6FC2AA2F7CD}.Debug|Any CPU.Build.0 = Debug|Any CPU
		{9E372E90-8A85-4B8F-939C-D6FC2AA2F7CD}.Release|Any CPU.ActiveCfg = Release|Any CPU
		{9E372E90-8A85-4B8F-939C-D6FC2AA2F7CD}.Release|Any CPU.Build.0 = Release|Any CPU
	EndGlobalSection
	GlobalSection(SolutionProperties) = preSolution
		HideSolutionNode = FALSE
	EndGlobalSection
	GlobalSection(NestedProjects) = preSolution
		{2C4A06FD-2765-4528-9134-7612D7A0C1DF} = {72938F87-F1C1-4C40-9AC8-F9223B005DEB}
		{9E372E90-8A85-4B8F-939C-D6FC2AA2F7CD} = {B7B67A50-80E2-488A-804D-852157027AC4}
	EndGlobalSection
EndGlobal
